{
    "name": "example_app",
    "version": "1.0.0",
    "lockfileVersion": 3,
    "requires": true,
    "packages": {
        "": {
            "name": "example_app",
            "version": "1.0.0",
            "license": "ISC",
            "dependencies": {
                "@fluentui/tokens": "1.0.0-alpha.7",
                "@fluentui/web-components": "3.0.0-alpha.27",
                "@fluentui/web-components-v1": "npm:@fluentui/web-components@1.6.1",
                "@fluentui/web-components-v2": "npm:@fluentui/web-components@2.5.15",
                "@microsoft/fast-element": "2.0.0-beta.24",
                "@microsoft/fast-element-v1": "npm:@microsoft/fast-element@1.6.2",
                "@microsoft/fast-element-v2": "npm:@microsoft/fast-element@1.12.0",
                "@microsoft/fast-foundation": "3.0.0-alpha.28",
                "@microsoft/fast-foundation-v1": "npm:@microsoft/fast-foundation@2.29.0",
                "@microsoft/fast-foundation-v2": "npm:@microsoft/fast-foundation@2.49.0",
                "@microsoft/fast-web-utilities": "6.0.0",
                "@microsoft/fast-web-utilities-v1": "npm:@microsoft/fast-web-utilities@4.8.1",
                "@microsoft/fast-web-utilities-v2": "npm:@microsoft/fast-web-utilities@6.0.0",
                "lit": "2.8.0"
            },
            "devDependencies": {
                "@types/node": "20.4.8",
                "commander": "11.0.0",
                "esbuild": "0.19.0",
                "typescript": "5.1.6"
            }
        },
        "node_modules/@esbuild/android-arm": {
            "version": "0.19.0",
            "resolved": "https://registry.npmjs.org/@esbuild/android-arm/-/android-arm-0.19.0.tgz",
            "integrity": "sha512-GAkjUyHgWTYuex3evPd5V7uV/XS4LMKr1PWHRPW1xNyy/Jx08x3uTrDFRefBYLKT/KpaWM8/YMQcwbp5a3yIDA==",
            "cpu": [
                "arm"
            ],
            "dev": true,
            "optional": true,
            "os": [
                "android"
            ],
            "engines": {
                "node": ">=12"
            }
        },
        "node_modules/@esbuild/android-arm64": {
            "version": "0.19.0",
            "resolved": "https://registry.npmjs.org/@esbuild/android-arm64/-/android-arm64-0.19.0.tgz",
            "integrity": "sha512-AzsozJnB+RNaDncBCs3Ys5g3kqhPFUueItfEaCpp89JH2naFNX2mYDIvUgPYMqqjm8hiFoo+jklb3QHZyR3ubw==",
            "cpu": [
                "arm64"
            ],
            "dev": true,
            "optional": true,
            "os": [
                "android"
            ],
            "engines": {
                "node": ">=12"
            }
        },
        "node_modules/@esbuild/android-x64": {
            "version": "0.19.0",
            "resolved": "https://registry.npmjs.org/@esbuild/android-x64/-/android-x64-0.19.0.tgz",
            "integrity": "sha512-SUG8/qiVhljBDpdkHQ9DvOWbp7hFFIP0OzxOTptbmVsgBgzY6JWowmMd6yJuOhapfxmj/DrvwKmjRLvVSIAKZg==",
            "cpu": [
                "x64"
            ],
            "dev": true,
            "optional": true,
            "os": [
                "android"
            ],
            "engines": {
                "node": ">=12"
            }
        },
        "node_modules/@esbuild/darwin-arm64": {
            "version": "0.19.0",
            "resolved": "https://registry.npmjs.org/@esbuild/darwin-arm64/-/darwin-arm64-0.19.0.tgz",
            "integrity": "sha512-HkxZ8k3Jvcw0FORPNTavA8BMgQjLOB6AajT+iXmil7BwY3gU1hWvJJAyWyEogCmA4LdbGvKF8vEykdmJ4xNJJQ==",
            "cpu": [
                "arm64"
            ],
            "dev": true,
            "optional": true,
            "os": [
                "darwin"
            ],
            "engines": {
                "node": ">=12"
            }
        },
        "node_modules/@esbuild/darwin-x64": {
            "version": "0.19.0",
            "resolved": "https://registry.npmjs.org/@esbuild/darwin-x64/-/darwin-x64-0.19.0.tgz",
            "integrity": "sha512-9IRWJjqpWFHM9a5Qs3r3bK834NCFuDY5ZaLrmTjqE+10B6w65UMQzeZjh794JcxpHolsAHqwsN/33crUXNCM2Q==",
            "cpu": [
                "x64"
            ],
            "dev": true,
            "optional": true,
            "os": [
                "darwin"
            ],
            "engines": {
                "node": ">=12"
            }
        },
        "node_modules/@esbuild/freebsd-arm64": {
            "version": "0.19.0",
            "resolved": "https://registry.npmjs.org/@esbuild/freebsd-arm64/-/freebsd-arm64-0.19.0.tgz",
            "integrity": "sha512-s7i2WcXcK0V1PJHVBe7NsGddsL62a9Vhpz2U7zapPrwKoFuxPP9jybwX8SXnropR/AOj3ppt2ern4ItblU6UQQ==",
            "cpu": [
                "arm64"
            ],
            "dev": true,
            "optional": true,
            "os": [
                "freebsd"
            ],
            "engines": {
                "node": ">=12"
            }
        },
        "node_modules/@esbuild/freebsd-x64": {
            "version": "0.19.0",
            "resolved": "https://registry.npmjs.org/@esbuild/freebsd-x64/-/freebsd-x64-0.19.0.tgz",
            "integrity": "sha512-NMdBSSdgwHCqCsucU5k1xflIIRU0qi1QZnM6+vdGy5fvxm1c8rKh50VzsWsIVTFUG3l91AtRxVwoz3Lcvy3I5w==",
            "cpu": [
                "x64"
            ],
            "dev": true,
            "optional": true,
            "os": [
                "freebsd"
            ],
            "engines": {
                "node": ">=12"
            }
        },
        "node_modules/@esbuild/linux-arm": {
            "version": "0.19.0",
            "resolved": "https://registry.npmjs.org/@esbuild/linux-arm/-/linux-arm-0.19.0.tgz",
            "integrity": "sha512-2F1+lH7ZBcCcgxiSs8EXQV0PPJJdTNiNcXxDb61vzxTRJJkXX1I/ye9mAhfHyScXzHaEibEXg1Jq9SW586zz7w==",
            "cpu": [
                "arm"
            ],
            "dev": true,
            "optional": true,
            "os": [
                "linux"
            ],
            "engines": {
                "node": ">=12"
            }
        },
        "node_modules/@esbuild/linux-arm64": {
            "version": "0.19.0",
            "resolved": "https://registry.npmjs.org/@esbuild/linux-arm64/-/linux-arm64-0.19.0.tgz",
            "integrity": "sha512-I4zvE2srSZxRPapFnNqj+NL3sDJ1wkvEZqt903OZUlBBgigrQMvzUowvP/TTTu2OGYe1oweg5MFilfyrElIFag==",
            "cpu": [
                "arm64"
            ],
            "dev": true,
            "optional": true,
            "os": [
                "linux"
            ],
            "engines": {
                "node": ">=12"
            }
        },
        "node_modules/@esbuild/linux-ia32": {
            "version": "0.19.0",
            "resolved": "https://registry.npmjs.org/@esbuild/linux-ia32/-/linux-ia32-0.19.0.tgz",
            "integrity": "sha512-dz2Q7+P92r1Evc8kEN+cQnB3qqPjmCrOZ+EdBTn8lEc1yN8WDgaDORQQiX+mxaijbH8npXBT9GxUqE52Gt6Y+g==",
            "cpu": [
                "ia32"
            ],
            "dev": true,
            "optional": true,
            "os": [
                "linux"
            ],
            "engines": {
                "node": ">=12"
            }
        },
        "node_modules/@esbuild/linux-loong64": {
            "version": "0.19.0",
            "resolved": "https://registry.npmjs.org/@esbuild/linux-loong64/-/linux-loong64-0.19.0.tgz",
            "integrity": "sha512-IcVJovJVflih4oFahhUw+N7YgNbuMSVFNr38awb0LNzfaiIfdqIh518nOfYaNQU3aVfiJnOIRVJDSAP4k35WxA==",
            "cpu": [
                "loong64"
            ],
            "dev": true,
            "optional": true,
            "os": [
                "linux"
            ],
            "engines": {
                "node": ">=12"
            }
        },
        "node_modules/@esbuild/linux-mips64el": {
            "version": "0.19.0",
            "resolved": "https://registry.npmjs.org/@esbuild/linux-mips64el/-/linux-mips64el-0.19.0.tgz",
            "integrity": "sha512-bZGRAGySMquWsKw0gIdsClwfvgbsSq/7oq5KVu1H1r9Il+WzOcfkV1hguntIuBjRVL8agI95i4AukjdAV2YpUw==",
            "cpu": [
                "mips64el"
            ],
            "dev": true,
            "optional": true,
            "os": [
                "linux"
            ],
            "engines": {
                "node": ">=12"
            }
        },
        "node_modules/@esbuild/linux-ppc64": {
            "version": "0.19.0",
            "resolved": "https://registry.npmjs.org/@esbuild/linux-ppc64/-/linux-ppc64-0.19.0.tgz",
            "integrity": "sha512-3LC6H5/gCDorxoRBUdpLV/m7UthYSdar0XcCu+ypycQxMS08MabZ06y1D1yZlDzL/BvOYliRNRWVG/YJJvQdbg==",
            "cpu": [
                "ppc64"
            ],
            "dev": true,
            "optional": true,
            "os": [
                "linux"
            ],
            "engines": {
                "node": ">=12"
            }
        },
        "node_modules/@esbuild/linux-riscv64": {
            "version": "0.19.0",
            "resolved": "https://registry.npmjs.org/@esbuild/linux-riscv64/-/linux-riscv64-0.19.0.tgz",
            "integrity": "sha512-jfvdKjWk+Cp2sgLtEEdSHXO7qckrw2B2eFBaoRdmfhThqZs29GMMg7q/LsQpybA7BxCLLEs4di5ucsWzZC5XPA==",
            "cpu": [
                "riscv64"
            ],
            "dev": true,
            "optional": true,
            "os": [
                "linux"
            ],
            "engines": {
                "node": ">=12"
            }
        },
        "node_modules/@esbuild/linux-s390x": {
            "version": "0.19.0",
            "resolved": "https://registry.npmjs.org/@esbuild/linux-s390x/-/linux-s390x-0.19.0.tgz",
            "integrity": "sha512-ofcucfNLkoXmcnJaw9ugdEOf40AWKGt09WBFCkpor+vFJVvmk/8OPjl/qRtks2Z7BuZbG3ztJuK1zS9z5Cgx9A==",
            "cpu": [
                "s390x"
            ],
            "dev": true,
            "optional": true,
            "os": [
                "linux"
            ],
            "engines": {
                "node": ">=12"
            }
        },
        "node_modules/@esbuild/linux-x64": {
            "version": "0.19.0",
            "resolved": "https://registry.npmjs.org/@esbuild/linux-x64/-/linux-x64-0.19.0.tgz",
            "integrity": "sha512-Fpf7zNDBti3xrQKQKLdXT0hTyOxgFdRJIMtNy8x1az9ATR9/GJ1brYbB/GLWoXhKiHsoWs+2DLkFVNNMTCLEwA==",
            "cpu": [
                "x64"
            ],
            "dev": true,
            "optional": true,
            "os": [
                "linux"
            ],
            "engines": {
                "node": ">=12"
            }
        },
        "node_modules/@esbuild/netbsd-x64": {
            "version": "0.19.0",
            "resolved": "https://registry.npmjs.org/@esbuild/netbsd-x64/-/netbsd-x64-0.19.0.tgz",
            "integrity": "sha512-AMQAp/5oENgDOvVhvOlbhVe1pWii7oFAMRHlmTjSEMcpjTpIHtFXhv9uAFgUERHm3eYtNvS9Vf+gT55cwuI6Aw==",
            "cpu": [
                "x64"
            ],
            "dev": true,
            "optional": true,
            "os": [
                "netbsd"
            ],
            "engines": {
                "node": ">=12"
            }
        },
        "node_modules/@esbuild/openbsd-x64": {
            "version": "0.19.0",
            "resolved": "https://registry.npmjs.org/@esbuild/openbsd-x64/-/openbsd-x64-0.19.0.tgz",
            "integrity": "sha512-fDztEve1QUs3h/Dw2AUmBlWGkNQbhDoD05ppm5jKvzQv+HVuV13so7m5RYeiSMIC2XQy7PAjZh+afkxAnCRZxA==",
            "cpu": [
                "x64"
            ],
            "dev": true,
            "optional": true,
            "os": [
                "openbsd"
            ],
            "engines": {
                "node": ">=12"
            }
        },
        "node_modules/@esbuild/sunos-x64": {
            "version": "0.19.0",
            "resolved": "https://registry.npmjs.org/@esbuild/sunos-x64/-/sunos-x64-0.19.0.tgz",
            "integrity": "sha512-bKZzJ2/rvUjDzA5Ddyva2tMk89WzNJEibZEaq+wY6SiqPlwgFbqyQLimouxLHiHh1itb5P3SNCIF1bc2bw5H9w==",
            "cpu": [
                "x64"
            ],
            "dev": true,
            "optional": true,
            "os": [
                "sunos"
            ],
            "engines": {
                "node": ">=12"
            }
        },
        "node_modules/@esbuild/win32-arm64": {
            "version": "0.19.0",
            "resolved": "https://registry.npmjs.org/@esbuild/win32-arm64/-/win32-arm64-0.19.0.tgz",
            "integrity": "sha512-NQJ+4jmnA79saI+sE+QzcEls19uZkoEmdxo7r//PDOjIpX8pmoWtTnWg6XcbnO7o4fieyAwb5U2LvgWynF4diA==",
            "cpu": [
                "arm64"
            ],
            "dev": true,
            "optional": true,
            "os": [
                "win32"
            ],
            "engines": {
                "node": ">=12"
            }
        },
        "node_modules/@esbuild/win32-ia32": {
            "version": "0.19.0",
            "resolved": "https://registry.npmjs.org/@esbuild/win32-ia32/-/win32-ia32-0.19.0.tgz",
            "integrity": "sha512-uyxiZAnsfu9diHm9/rIH2soecF/HWLXYUhJKW4q1+/LLmNQ+55lRjvSUDhUmsgJtSUscRJB/3S4RNiTb9o9mCg==",
            "cpu": [
                "ia32"
            ],
            "dev": true,
            "optional": true,
            "os": [
                "win32"
            ],
            "engines": {
                "node": ">=12"
            }
        },
        "node_modules/@esbuild/win32-x64": {
            "version": "0.19.0",
            "resolved": "https://registry.npmjs.org/@esbuild/win32-x64/-/win32-x64-0.19.0.tgz",
            "integrity": "sha512-jl+NXUjK2StMgqnZnqgNjZuerFG8zQqWXMBZdMMv4W/aO1ZKQaYWZBxTrtWKphkCBVEMh0wMVfGgOd2BjOZqUQ==",
            "cpu": [
                "x64"
            ],
            "dev": true,
            "optional": true,
            "os": [
                "win32"
            ],
            "engines": {
                "node": ">=12"
            }
        },
        "node_modules/@floating-ui/core": {
            "version": "1.4.1",
            "resolved": "https://registry.npmjs.org/@floating-ui/core/-/core-1.4.1.tgz",
            "integrity": "sha512-jk3WqquEJRlcyu7997NtR5PibI+y5bi+LS3hPmguVClypenMsCY3CBa3LAQnozRCtCrYWSEtAdiskpamuJRFOQ==",
            "dependencies": {
                "@floating-ui/utils": "^0.1.1"
            }
        },
        "node_modules/@floating-ui/dom": {
            "version": "1.5.1",
            "resolved": "https://registry.npmjs.org/@floating-ui/dom/-/dom-1.5.1.tgz",
            "integrity": "sha512-KwvVcPSXg6mQygvA1TjbN/gh///36kKtllIF8SUm0qpFj8+rvYrpvlYdL1JoA71SHpDqgSSdGOSoQ0Mp3uY5aw==",
            "dependencies": {
                "@floating-ui/core": "^1.4.1",
                "@floating-ui/utils": "^0.1.1"
            }
        },
        "node_modules/@floating-ui/utils": {
            "version": "0.1.1",
            "resolved": "https://registry.npmjs.org/@floating-ui/utils/-/utils-0.1.1.tgz",
            "integrity": "sha512-m0G6wlnhm/AX0H12IOWtK8gASEMffnX08RtKkCgTdHb9JpHKGloI7icFfLg9ZmQeavcvR0PKmzxClyuFPSjKWw=="
        },
        "node_modules/@fluentui/tokens": {
            "version": "1.0.0-alpha.7",
            "resolved": "https://registry.npmjs.org/@fluentui/tokens/-/tokens-1.0.0-alpha.7.tgz",
            "integrity": "sha512-djgLw4HVx0Jx0GYKQEu65aQ5nY59CkcV850LrLPHOERV+KhuWqoI4CdrvL2fFqrAvqLlfK940MP1mPrvy8NAow==",
            "dependencies": {
                "@swc/helpers": "^0.4.14"
            }
        },
        "node_modules/@fluentui/web-components": {
            "version": "3.0.0-alpha.27",
            "resolved": "https://registry.npmjs.org/@fluentui/web-components/-/web-components-3.0.0-alpha.27.tgz",
            "integrity": "sha512-1APwnNawxs8TnG0LpbvkEbR1VDpCMaWyR/htGXZSz9BCdWL/WD1XLiNO62OUpS29jFWXrc0L5PKztqHU0MthLQ==",
            "dependencies": {
                "@fluentui/tokens": "1.0.0-alpha.2",
                "@microsoft/fast-element": "^2.0.0-beta.23",
                "@microsoft/fast-foundation": "^3.0.0-alpha.27",
                "@microsoft/fast-web-utilities": "^6.0.0",
                "tslib": "^2.1.0"
            }
        },
        "node_modules/@fluentui/web-components-v1": {
            "name": "@fluentui/web-components",
            "version": "1.6.1",
            "resolved": "https://registry.npmjs.org/@fluentui/web-components/-/web-components-1.6.1.tgz",
            "integrity": "sha512-hD/8RgWOrS2ikO7vFtG1JkSLjlXfqk/iD98dpJwU+7E/bAWJZs/Wi971jHu3vyRZ8WBlAi23dFeU/OBe1zkXUQ==",
            "dependencies": {
                "@microsoft/fast-colors": "^5.1.0",
                "@microsoft/fast-element": "^1.5.0",
                "@microsoft/fast-foundation": "^2.17.0",
                "lodash-es": "^4.17.20",
                "tslib": "^1.13.0"
            }
        },
        "node_modules/@fluentui/web-components-v1/node_modules/@microsoft/fast-element": {
            "version": "1.12.0",
            "resolved": "https://registry.npmjs.org/@microsoft/fast-element/-/fast-element-1.12.0.tgz",
            "integrity": "sha512-gQutuDHPKNxUEcQ4pypZT4Wmrbapus+P9s3bR/SEOLsMbNqNoXigGImITygI5zhb+aA5rzflM6O8YWkmRbGkPA=="
        },
        "node_modules/@fluentui/web-components-v1/node_modules/@microsoft/fast-foundation": {
            "version": "2.49.0",
            "resolved": "https://registry.npmjs.org/@microsoft/fast-foundation/-/fast-foundation-2.49.0.tgz",
            "integrity": "sha512-Wk4e4QXFVtT5hPwhMfHyGY30kixM0td8aDs7bAD6NM2z2SCBNvpTTWp+FCjx0I0lpUMlMenb6wsw7pMWQreRkQ==",
            "dependencies": {
                "@microsoft/fast-element": "^1.12.0",
                "@microsoft/fast-web-utilities": "^5.4.1",
                "tabbable": "^5.2.0",
                "tslib": "^1.13.0"
            }
        },
        "node_modules/@fluentui/web-components-v1/node_modules/@microsoft/fast-web-utilities": {
            "version": "5.4.1",
            "resolved": "https://registry.npmjs.org/@microsoft/fast-web-utilities/-/fast-web-utilities-5.4.1.tgz",
            "integrity": "sha512-ReWYncndjV3c8D8iq9tp7NcFNc1vbVHvcBFPME2nNFKNbS1XCesYZGlIlf3ot5EmuOXPlrzUHOWzQ2vFpIkqDg==",
            "dependencies": {
                "exenv-es6": "^1.1.1"
            }
        },
        "node_modules/@fluentui/web-components-v1/node_modules/tslib": {
            "version": "1.14.1",
            "resolved": "https://registry.npmjs.org/tslib/-/tslib-1.14.1.tgz",
            "integrity": "sha512-Xni35NKzjgMrwevysHTCArtLDpPvye8zV/0E4EyYn43P7/7qvQwPh9BGkHewbMulVntbigmcT7rdX3BNo9wRJg=="
        },
        "node_modules/@fluentui/web-components-v2": {
            "name": "@fluentui/web-components",
            "version": "2.5.15",
            "resolved": "https://registry.npmjs.org/@fluentui/web-components/-/web-components-2.5.15.tgz",
            "integrity": "sha512-qUbO2iHqh+E9qquHdXiRX1/mRrB5NzxwOBxdKhdQPXnffTxiqJU/m6h2FaEPeZXaPPrQiR4lXrVPCRCT5D082g==",
            "dependencies": {
                "@microsoft/fast-colors": "^5.3.0",
                "@microsoft/fast-element": "^1.11.1",
                "@microsoft/fast-foundation": "^2.48.1",
                "@microsoft/fast-web-utilities": "^5.4.0",
                "tslib": "^2.1.0"
            }
        },
        "node_modules/@fluentui/web-components-v2/node_modules/@microsoft/fast-element": {
            "version": "1.12.0",
            "resolved": "https://registry.npmjs.org/@microsoft/fast-element/-/fast-element-1.12.0.tgz",
            "integrity": "sha512-gQutuDHPKNxUEcQ4pypZT4Wmrbapus+P9s3bR/SEOLsMbNqNoXigGImITygI5zhb+aA5rzflM6O8YWkmRbGkPA=="
        },
        "node_modules/@fluentui/web-components-v2/node_modules/@microsoft/fast-foundation": {
            "version": "2.49.0",
            "resolved": "https://registry.npmjs.org/@microsoft/fast-foundation/-/fast-foundation-2.49.0.tgz",
            "integrity": "sha512-Wk4e4QXFVtT5hPwhMfHyGY30kixM0td8aDs7bAD6NM2z2SCBNvpTTWp+FCjx0I0lpUMlMenb6wsw7pMWQreRkQ==",
            "dependencies": {
                "@microsoft/fast-element": "^1.12.0",
                "@microsoft/fast-web-utilities": "^5.4.1",
                "tabbable": "^5.2.0",
                "tslib": "^1.13.0"
            }
        },
        "node_modules/@fluentui/web-components-v2/node_modules/@microsoft/fast-foundation/node_modules/tslib": {
            "version": "1.14.1",
            "resolved": "https://registry.npmjs.org/tslib/-/tslib-1.14.1.tgz",
            "integrity": "sha512-Xni35NKzjgMrwevysHTCArtLDpPvye8zV/0E4EyYn43P7/7qvQwPh9BGkHewbMulVntbigmcT7rdX3BNo9wRJg=="
        },
        "node_modules/@fluentui/web-components-v2/node_modules/@microsoft/fast-web-utilities": {
            "version": "5.4.1",
            "resolved": "https://registry.npmjs.org/@microsoft/fast-web-utilities/-/fast-web-utilities-5.4.1.tgz",
            "integrity": "sha512-ReWYncndjV3c8D8iq9tp7NcFNc1vbVHvcBFPME2nNFKNbS1XCesYZGlIlf3ot5EmuOXPlrzUHOWzQ2vFpIkqDg==",
            "dependencies": {
                "exenv-es6": "^1.1.1"
            }
        },
        "node_modules/@fluentui/web-components/node_modules/@fluentui/tokens": {
            "version": "1.0.0-alpha.2",
            "resolved": "https://registry.npmjs.org/@fluentui/tokens/-/tokens-1.0.0-alpha.2.tgz",
            "integrity": "sha512-Rd3xFE+ynAjpTgXwOWQnbw1jLqRrRvCgFTPtlqFlXK31lkNOz28f4HAHkNSXsFF95r/pM6EvJ+GtEoBhzfkdSw==",
            "dependencies": {
                "tslib": "^2.1.0"
            }
        },
        "node_modules/@lit-labs/ssr-dom-shim": {
            "version": "1.1.1",
            "resolved": "https://registry.npmjs.org/@lit-labs/ssr-dom-shim/-/ssr-dom-shim-1.1.1.tgz",
            "integrity": "sha512-kXOeFbfCm4fFf2A3WwVEeQj55tMZa8c8/f9AKHMobQMkzNUfUj+antR3fRPaZJawsa1aZiP/Da3ndpZrwEe4rQ=="
        },
        "node_modules/@lit/reactive-element": {
            "version": "1.6.3",
            "resolved": "https://registry.npmjs.org/@lit/reactive-element/-/reactive-element-1.6.3.tgz",
            "integrity": "sha512-QuTgnG52Poic7uM1AN5yJ09QMe0O28e10XzSvWDz02TJiiKee4stsiownEIadWm8nYzyDAyT+gKzUoZmiWQtsQ==",
            "dependencies": {
                "@lit-labs/ssr-dom-shim": "^1.0.0"
            }
        },
        "node_modules/@microsoft/fast-colors": {
            "version": "5.3.1",
            "resolved": "https://registry.npmjs.org/@microsoft/fast-colors/-/fast-colors-5.3.1.tgz",
            "integrity": "sha512-72RZXVfCbwQzvo5sXXkuLXLT7rMeYaSf5r/6ewQiv/trBtqpWRm4DEH2EilHw/iWTBKOXs1qZNQndgUMa5n4LA=="
        },
        "node_modules/@microsoft/fast-element": {
            "version": "2.0.0-beta.24",
            "resolved": "https://registry.npmjs.org/@microsoft/fast-element/-/fast-element-2.0.0-beta.24.tgz",
            "integrity": "sha512-HNRkyTkKJyhzm3iH21otFQxWgC+okMlqbNyKUPKofl6tUhElWLrGVIeIN69vshKLygvO5zgaWFhYLUpXPreD3g=="
        },
        "node_modules/@microsoft/fast-element-v1": {
            "name": "@microsoft/fast-element",
            "version": "1.6.2",
            "resolved": "https://registry.npmjs.org/@microsoft/fast-element/-/fast-element-1.6.2.tgz",
            "integrity": "sha512-TrFOpe9k9xIK2iLfIG5T2+bavUAWBvAC/KQ/3ecFsK65l9PAZ/j3zlkyLxNrpIksFtUBkfVdV03kwFurZjqzKQ=="
        },
        "node_modules/@microsoft/fast-element-v2": {
            "name": "@microsoft/fast-element",
            "version": "1.12.0",
            "resolved": "https://registry.npmjs.org/@microsoft/fast-element/-/fast-element-1.12.0.tgz",
            "integrity": "sha512-gQutuDHPKNxUEcQ4pypZT4Wmrbapus+P9s3bR/SEOLsMbNqNoXigGImITygI5zhb+aA5rzflM6O8YWkmRbGkPA=="
        },
        "node_modules/@microsoft/fast-foundation": {
            "version": "3.0.0-alpha.28",
            "resolved": "https://registry.npmjs.org/@microsoft/fast-foundation/-/fast-foundation-3.0.0-alpha.28.tgz",
            "integrity": "sha512-3Xft8oUmskzIvfftPUZseOYjSspYTm/FCFRZ84sBk3YqoovqAQWckr4czB+2VrvLM4wcuRsouXMENjn7cERfGw==",
            "dependencies": {
                "@floating-ui/dom": "^1.0.3",
                "@microsoft/fast-element": "2.0.0-beta.24",
                "@microsoft/fast-web-utilities": "^6.0.0",
                "tabbable": "^5.2.0",
                "tslib": "^2.4.0"
            }
        },
        "node_modules/@microsoft/fast-foundation-v1": {
            "name": "@microsoft/fast-foundation",
            "version": "2.29.0",
            "resolved": "https://registry.npmjs.org/@microsoft/fast-foundation/-/fast-foundation-2.29.0.tgz",
            "integrity": "sha512-PVTnnqZ0xJn7T4MliEoonlYI3NqaKdudiIkFerqhkScQ78M/r4rNkkzWlrGtPSx6NWPU2Ei3T8mmKzQLFhQJVQ==",
            "dependencies": {
                "@microsoft/fast-element": "^1.6.2",
                "@microsoft/fast-web-utilities": "^5.0.2",
                "tabbable": "^5.2.0",
                "tslib": "^1.13.0"
            }
        },
        "node_modules/@microsoft/fast-foundation-v1/node_modules/@microsoft/fast-element": {
            "version": "1.12.0",
            "resolved": "https://registry.npmjs.org/@microsoft/fast-element/-/fast-element-1.12.0.tgz",
            "integrity": "sha512-gQutuDHPKNxUEcQ4pypZT4Wmrbapus+P9s3bR/SEOLsMbNqNoXigGImITygI5zhb+aA5rzflM6O8YWkmRbGkPA=="
        },
        "node_modules/@microsoft/fast-foundation-v1/node_modules/@microsoft/fast-web-utilities": {
            "version": "5.4.1",
            "resolved": "https://registry.npmjs.org/@microsoft/fast-web-utilities/-/fast-web-utilities-5.4.1.tgz",
            "integrity": "sha512-ReWYncndjV3c8D8iq9tp7NcFNc1vbVHvcBFPME2nNFKNbS1XCesYZGlIlf3ot5EmuOXPlrzUHOWzQ2vFpIkqDg==",
            "dependencies": {
                "exenv-es6": "^1.1.1"
            }
        },
        "node_modules/@microsoft/fast-foundation-v1/node_modules/tslib": {
            "version": "1.14.1",
            "resolved": "https://registry.npmjs.org/tslib/-/tslib-1.14.1.tgz",
            "integrity": "sha512-Xni35NKzjgMrwevysHTCArtLDpPvye8zV/0E4EyYn43P7/7qvQwPh9BGkHewbMulVntbigmcT7rdX3BNo9wRJg=="
        },
        "node_modules/@microsoft/fast-foundation-v2": {
            "name": "@microsoft/fast-foundation",
            "version": "2.49.0",
            "resolved": "https://registry.npmjs.org/@microsoft/fast-foundation/-/fast-foundation-2.49.0.tgz",
            "integrity": "sha512-Wk4e4QXFVtT5hPwhMfHyGY30kixM0td8aDs7bAD6NM2z2SCBNvpTTWp+FCjx0I0lpUMlMenb6wsw7pMWQreRkQ==",
            "dependencies": {
                "@microsoft/fast-element": "^1.12.0",
                "@microsoft/fast-web-utilities": "^5.4.1",
                "tabbable": "^5.2.0",
                "tslib": "^1.13.0"
            }
        },
        "node_modules/@microsoft/fast-foundation-v2/node_modules/@microsoft/fast-element": {
            "version": "1.12.0",
            "resolved": "https://registry.npmjs.org/@microsoft/fast-element/-/fast-element-1.12.0.tgz",
            "integrity": "sha512-gQutuDHPKNxUEcQ4pypZT4Wmrbapus+P9s3bR/SEOLsMbNqNoXigGImITygI5zhb+aA5rzflM6O8YWkmRbGkPA=="
        },
        "node_modules/@microsoft/fast-foundation-v2/node_modules/@microsoft/fast-web-utilities": {
            "version": "5.4.1",
            "resolved": "https://registry.npmjs.org/@microsoft/fast-web-utilities/-/fast-web-utilities-5.4.1.tgz",
            "integrity": "sha512-ReWYncndjV3c8D8iq9tp7NcFNc1vbVHvcBFPME2nNFKNbS1XCesYZGlIlf3ot5EmuOXPlrzUHOWzQ2vFpIkqDg==",
            "dependencies": {
                "exenv-es6": "^1.1.1"
            }
        },
        "node_modules/@microsoft/fast-foundation-v2/node_modules/tslib": {
            "version": "1.14.1",
            "resolved": "https://registry.npmjs.org/tslib/-/tslib-1.14.1.tgz",
            "integrity": "sha512-Xni35NKzjgMrwevysHTCArtLDpPvye8zV/0E4EyYn43P7/7qvQwPh9BGkHewbMulVntbigmcT7rdX3BNo9wRJg=="
        },
        "node_modules/@microsoft/fast-web-utilities": {
            "version": "6.0.0",
            "resolved": "https://registry.npmjs.org/@microsoft/fast-web-utilities/-/fast-web-utilities-6.0.0.tgz",
            "integrity": "sha512-ckCA4Xn91ja1Qz+jhGGL1Q3ZeuRpA5VvYcRA7GzA1NP545sl14bwz3tbHCq8jIk+PL7mkSaIveGMYuJB2L4Izg==",
            "dependencies": {
                "exenv-es6": "^1.1.1"
            }
        },
        "node_modules/@microsoft/fast-web-utilities-v1": {
            "name": "@microsoft/fast-web-utilities",
            "version": "4.8.1",
            "resolved": "https://registry.npmjs.org/@microsoft/fast-web-utilities/-/fast-web-utilities-4.8.1.tgz",
            "integrity": "sha512-P3xeyUwQ9nPkFrgAdmkOzaXxIq8YqMU5K+LXcoHgJddJCBCKfGWW9OZQOTigLddItTyVyfO8qsJpDQb1TskKHA==",
            "dependencies": {
                "exenv-es6": "^1.0.0"
            },
            "peerDependencies": {
                "lodash-es": "^4.17.10"
            }
        },
        "node_modules/@microsoft/fast-web-utilities-v2": {
            "name": "@microsoft/fast-web-utilities",
            "version": "6.0.0",
            "resolved": "https://registry.npmjs.org/@microsoft/fast-web-utilities/-/fast-web-utilities-6.0.0.tgz",
            "integrity": "sha512-ckCA4Xn91ja1Qz+jhGGL1Q3ZeuRpA5VvYcRA7GzA1NP545sl14bwz3tbHCq8jIk+PL7mkSaIveGMYuJB2L4Izg==",
            "dependencies": {
                "exenv-es6": "^1.1.1"
            }
        },
        "node_modules/@swc/helpers": {
            "version": "0.4.14",
            "resolved": "https://registry.npmjs.org/@swc/helpers/-/helpers-0.4.14.tgz",
            "integrity": "sha512-4C7nX/dvpzB7za4Ql9K81xK3HPxCpHMgwTZVyf+9JQ6VUbn9jjZVN7/Nkdz/Ugzs2CSjqnL/UPXroiVBVHUWUw==",
            "dependencies": {
                "tslib": "^2.4.0"
            }
        },
        "node_modules/@types/node": {
            "version": "20.4.8",
            "resolved": "https://registry.npmjs.org/@types/node/-/node-20.4.8.tgz",
            "integrity": "sha512-0mHckf6D2DiIAzh8fM8f3HQCvMKDpK94YQ0DSVkfWTG9BZleYIWudw9cJxX8oCk9bM+vAkDyujDV6dmKHbvQpg==",
            "dev": true
        },
        "node_modules/@types/trusted-types": {
            "version": "2.0.3",
            "resolved": "https://registry.npmjs.org/@types/trusted-types/-/trusted-types-2.0.3.tgz",
            "integrity": "sha512-NfQ4gyz38SL8sDNrSixxU2Os1a5xcdFxipAFxYEuLUlvU2uDwS4NUpsImcf1//SlWItCVMMLiylsxbmNMToV/g=="
        },
        "node_modules/commander": {
            "version": "11.0.0",
            "resolved": "https://registry.npmjs.org/commander/-/commander-11.0.0.tgz",
            "integrity": "sha512-9HMlXtt/BNoYr8ooyjjNRdIilOTkVJXB+GhxMTtOKwk0R4j4lS4NpjuqmRxroBfnfTSHQIHQB7wryHhXarNjmQ==",
            "dev": true,
            "engines": {
                "node": ">=16"
            }
        },
        "node_modules/esbuild": {
            "version": "0.19.0",
            "resolved": "https://registry.npmjs.org/esbuild/-/esbuild-0.19.0.tgz",
            "integrity": "sha512-i7i8TP4vuG55bKeLyqqk5sTPu1ZjPH3wkcLvAj/0X/222iWFo3AJUYRKjbOoY6BWFMH3teizxHEdV9Su5ESl0w==",
            "dev": true,
            "hasInstallScript": true,
            "bin": {
                "esbuild": "bin/esbuild"
            },
            "engines": {
                "node": ">=12"
            },
            "optionalDependencies": {
                "@esbuild/android-arm": "0.19.0",
                "@esbuild/android-arm64": "0.19.0",
                "@esbuild/android-x64": "0.19.0",
                "@esbuild/darwin-arm64": "0.19.0",
                "@esbuild/darwin-x64": "0.19.0",
                "@esbuild/freebsd-arm64": "0.19.0",
                "@esbuild/freebsd-x64": "0.19.0",
                "@esbuild/linux-arm": "0.19.0",
                "@esbuild/linux-arm64": "0.19.0",
                "@esbuild/linux-ia32": "0.19.0",
                "@esbuild/linux-loong64": "0.19.0",
                "@esbuild/linux-mips64el": "0.19.0",
                "@esbuild/linux-ppc64": "0.19.0",
                "@esbuild/linux-riscv64": "0.19.0",
                "@esbuild/linux-s390x": "0.19.0",
                "@esbuild/linux-x64": "0.19.0",
                "@esbuild/netbsd-x64": "0.19.0",
                "@esbuild/openbsd-x64": "0.19.0",
                "@esbuild/sunos-x64": "0.19.0",
                "@esbuild/win32-arm64": "0.19.0",
                "@esbuild/win32-ia32": "0.19.0",
                "@esbuild/win32-x64": "0.19.0"
            }
        },
        "node_modules/exenv-es6": {
            "version": "1.1.1",
            "resolved": "https://registry.npmjs.org/exenv-es6/-/exenv-es6-1.1.1.tgz",
            "integrity": "sha512-vlVu3N8d6yEMpMsEm+7sUBAI81aqYYuEvfK0jNqmdb/OPXzzH7QWDDnVjMvDSY47JdHEqx/dfC/q8WkfoTmpGQ=="
        },
        "node_modules/lit": {
            "version": "2.8.0",
            "resolved": "https://registry.npmjs.org/lit/-/lit-2.8.0.tgz",
            "integrity": "sha512-4Sc3OFX9QHOJaHbmTMk28SYgVxLN3ePDjg7hofEft2zWlehFL3LiAuapWc4U/kYwMYJSh2hTCPZ6/LIC7ii0MA==",
            "dependencies": {
                "@lit/reactive-element": "^1.6.0",
                "lit-element": "^3.3.0",
                "lit-html": "^2.8.0"
            }
        },
        "node_modules/lit-element": {
            "version": "3.3.3",
            "resolved": "https://registry.npmjs.org/lit-element/-/lit-element-3.3.3.tgz",
            "integrity": "sha512-XbeRxmTHubXENkV4h8RIPyr8lXc+Ff28rkcQzw3G6up2xg5E8Zu1IgOWIwBLEQsu3cOVFqdYwiVi0hv0SlpqUA==",
            "dependencies": {
                "@lit-labs/ssr-dom-shim": "^1.1.0",
                "@lit/reactive-element": "^1.3.0",
                "lit-html": "^2.8.0"
            }
        },
        "node_modules/lit-html": {
            "version": "2.8.0",
            "resolved": "https://registry.npmjs.org/lit-html/-/lit-html-2.8.0.tgz",
            "integrity": "sha512-o9t+MQM3P4y7M7yNzqAyjp7z+mQGa4NS4CxiyLqFPyFWyc4O+nodLrkrxSaCTrla6M5YOLaT3RpbbqjszB5g3Q==",
            "dependencies": {
                "@types/trusted-types": "^2.0.2"
            }
        },
        "node_modules/lodash-es": {
            "version": "4.17.21",
            "resolved": "https://registry.npmjs.org/lodash-es/-/lodash-es-4.17.21.tgz",
            "integrity": "sha512-mKnC+QJ9pWVzv+C4/U3rRsHapFfHvQFoFB92e52xeyGMcX6/OlIl78je1u8vePzYZSkkogMPJ2yjxxsb89cxyw=="
        },
        "node_modules/tabbable": {
            "version": "5.3.3",
            "resolved": "https://registry.npmjs.org/tabbable/-/tabbable-5.3.3.tgz",
            "integrity": "sha512-QD9qKY3StfbZqWOPLp0++pOrAVb/HbUi5xCc8cUo4XjP19808oaMiDzn0leBY5mCespIBM0CIZePzZjgzR83kA=="
        },
        "node_modules/tslib": {
            "version": "2.6.1",
            "resolved": "https://registry.npmjs.org/tslib/-/tslib-2.6.1.tgz",
            "integrity": "sha512-t0hLfiEKfMUoqhG+U1oid7Pva4bbDPHYfJNiB7BiIjRkj1pyC++4N3huJfqY6aRH6VTB0rvtzQwjM4K6qpfOig=="
        },
        "node_modules/typescript": {
            "version": "5.1.6",
            "resolved": "https://registry.npmjs.org/typescript/-/typescript-5.1.6.tgz",
            "integrity": "sha512-zaWCozRZ6DLEWAWFrVDz1H6FVXzUSfTy5FUMWsQlU8Ym5JP9eO4xkTIROFCQvhQf61z6O/G6ugw3SgAnvvm+HA==",
            "dev": true,
            "bin": {
                "tsc": "bin/tsc",
                "tsserver": "bin/tsserver"
            },
            "engines": {
                "node": ">=14.17"
            }
        }
    }
}
